
Microsoft Visual Studio Solution File, Format Version 12.00
# Visual Studio Version 17
VisualStudioVersion = 17.14.36202.13 d17.14
MinimumVisualStudioVersion = 10.0.40219.1
Project("{FAE04EC0-301F-11D3-BF4B-00C04F79EFBC}") = "FinPalBackend", "FinPalBackend\FinPalBackend.csproj", "{ED2B9BD1-CD4A-4CD3-9F83-5C1B1CDEAB68}"
EndProject
Global
	GlobalSection(SolutionConfigurationPlatforms) = preSolution
		Debug|Any CPU = Debug|Any CPU
		Release|Any CPU = Release|Any CPU
	EndGlobalSection
	GlobalSection(ProjectConfigurationPlatforms) = postSolution
		{ED2B9BD1-CD4A-4CD3-9F83-5C1B1CDEAB68}.Debug|Any CPU.ActiveCfg = Debug|Any CPU
		{ED2B9BD1-CD4A-4CD3-9F83-5C1B1CDEAB68}.Debug|Any CPU.Build.0 = Debug|Any CPU
		{ED2B9BD1-CD4A-4CD3-9F83-5C1B1CDEAB68}.Release|Any CPU.ActiveCfg = Release|Any CPU
		{ED2B9BD1-CD4A-4CD3-9F83-5C1B1CDEAB68}.Release|Any CPU.Build.0 = Release|Any CPU
	EndGlobalSection
	GlobalSection(SolutionProperties) = preSolution
		HideSolutionNode = FALSE
	EndGlobalSection
	GlobalSection(ExtensibilityGlobals) = postSolution
		SolutionGuid = {7EF3812E-D5F2-4896-B12B-4EA16221FB4E}
	EndGlobalSection
EndGlobal
